
Microsoft Visual Studio Solution File, Format Version 12.00
# Visual Studio Version 17
VisualStudioVersion = 17.3.32929.385
MinimumVisualStudioVersion = 10.0.40219.1
Project("{FAE04EC0-301F-11D3-BF4B-00C04F79EFBC}") = "Тамагочи_Lab3_Kim", "Тамагочи_Lab3_Kim\Тамагочи_Lab3_Kim.csproj", "{80D0D702-3FBF-4D1F-9EE3-814C0946C122}"
EndProject
Global
	GlobalSection(SolutionConfigurationPlatforms) = preSolution
		Debug|Any CPU = Debug|Any CPU
		Release|Any CPU = Release|Any CPU
	EndGlobalSection
	GlobalSection(ProjectConfigurationPlatforms) = postSolution
		{80D0D702-3FBF-4D1F-9EE3-814C0946C122}.Debug|Any CPU.ActiveCfg = Debug|Any CPU
		{80D0D702-3FBF-4D1F-9EE3-814C0946C122}.Debug|Any CPU.Build.0 = Debug|Any CPU
		{80D0D702-3FBF-4D1F-9EE3-814C0946C122}.Release|Any CPU.ActiveCfg = Release|Any CPU
		{80D0D702-3FBF-4D1F-9EE3-814C0946C122}.Release|Any CPU.Build.0 = Release|Any CPU
	EndGlobalSection
	GlobalSection(SolutionProperties) = preSolution
		HideSolutionNode = FALSE
	EndGlobalSection
	GlobalSection(ExtensibilityGlobals) = postSolution
		SolutionGuid = {BB0D3B71-9B96-49BF-AEF5-D54E466AEE10}
	EndGlobalSection
EndGlobal
