
Microsoft Visual Studio Solution File, Format Version 12.00
# Visual Studio Version 17
VisualStudioVersion = 17.3.32929.385
MinimumVisualStudioVersion = 10.0.40219.1
Project("{FAE04EC0-301F-11D3-BF4B-00C04F79EFBC}") = "Pet_Lib6", "Pet_Lib4\Pet_Lib6.csproj", "{FE5A298D-F63F-4674-8E06-FD2D57931A0F}"
EndProject
Global
	GlobalSection(SolutionConfigurationPlatforms) = preSolution
		Debug|Any CPU = Debug|Any CPU
		Release|Any CPU = Release|Any CPU
	EndGlobalSection
	GlobalSection(ProjectConfigurationPlatforms) = postSolution
		{FE5A298D-F63F-4674-8E06-FD2D57931A0F}.Debug|Any CPU.ActiveCfg = Debug|Any CPU
		{FE5A298D-F63F-4674-8E06-FD2D57931A0F}.Debug|Any CPU.Build.0 = Debug|Any CPU
		{FE5A298D-F63F-4674-8E06-FD2D57931A0F}.Release|Any CPU.ActiveCfg = Release|Any CPU
		{FE5A298D-F63F-4674-8E06-FD2D57931A0F}.Release|Any CPU.Build.0 = Release|Any CPU
	EndGlobalSection
	GlobalSection(SolutionProperties) = preSolution
		HideSolutionNode = FALSE
	EndGlobalSection
	GlobalSection(ExtensibilityGlobals) = postSolution
		SolutionGuid = {2DA1B75D-ACE7-4624-8703-2BB04179E2C7}
	EndGlobalSection
EndGlobal
